// !$*UTF8*$!
{
	archiveVersion = 1;
	classes = {
	};
	objectVersion = 50;
	objects = {

/* Begin PBXBuildFile section */
		7631C98721C391ED00468D3D /* client.cpp in Sources */ = {isa = PBXBuildFile; fileRef = 7631C98621C391ED00468D3D /* client.cpp */; };
		7633916021B4ED27002DC260 /* kMeansProtocol.cpp in Sources */ = {isa = PBXBuildFile; fileRef = 7633915821B4ED26002DC260 /* kMeansProtocol.cpp */; };
		7633916121B4ED27002DC260 /* main.cpp in Sources */ = {isa = PBXBuildFile; fileRef = 7633915921B4ED26002DC260 /* main.cpp */; };
		7633916221B4ED27002DC260 /* PaillierSystem.cpp in Sources */ = {isa = PBXBuildFile; fileRef = 7633915A21B4ED26002DC260 /* PaillierSystem.cpp */; };
		7633916321B4ED27002DC260 /* getPrime.cpp in Sources */ = {isa = PBXBuildFile; fileRef = 7633915C21B4ED26002DC260 /* getPrime.cpp */; };
		7633916421B4ED27002DC260 /* kMeansSubProtocols.cpp in Sources */ = {isa = PBXBuildFile; fileRef = 7633915E21B4ED27002DC260 /* kMeansSubProtocols.cpp */; };
		7680680C214A8D6C00A07E9B /* libgmp.10.dylib in Frameworks */ = {isa = PBXBuildFile; fileRef = 7680680B214A8D6C00A07E9B /* libgmp.10.dylib */; };
/* End PBXBuildFile section */

/* Begin PBXCopyFilesBuildPhase section */
		768067F0214A8CEC00A07E9B /* CopyFiles */ = {
			isa = PBXCopyFilesBuildPhase;
			buildActionMask = 2147483647;
			dstPath = /usr/share/man/man1/;
			dstSubfolderSpec = 0;
			files = (
			);
			runOnlyForDeploymentPostprocessing = 1;
		};
/* End PBXCopyFilesBuildPhase section */

/* Begin PBXFileReference section */
		7631C98521C391ED00468D3D /* client.h */ = {isa = PBXFileReference; lastKnownFileType = sourcecode.c.h; path = client.h; sourceTree = SOURCE_ROOT; };
		7631C98621C391ED00468D3D /* client.cpp */ = {isa = PBXFileReference; lastKnownFileType = sourcecode.cpp.cpp; path = client.cpp; sourceTree = SOURCE_ROOT; };
		7633915721B4ED26002DC260 /* getPrime.h */ = {isa = PBXFileReference; fileEncoding = 4; lastKnownFileType = sourcecode.c.h; path = getPrime.h; sourceTree = SOURCE_ROOT; };
		7633915821B4ED26002DC260 /* kMeansProtocol.cpp */ = {isa = PBXFileReference; fileEncoding = 4; lastKnownFileType = sourcecode.cpp.cpp; path = kMeansProtocol.cpp; sourceTree = SOURCE_ROOT; };
		7633915921B4ED26002DC260 /* main.cpp */ = {isa = PBXFileReference; fileEncoding = 4; lastKnownFileType = sourcecode.cpp.cpp; path = main.cpp; sourceTree = SOURCE_ROOT; };
		7633915A21B4ED26002DC260 /* PaillierSystem.cpp */ = {isa = PBXFileReference; fileEncoding = 4; lastKnownFileType = sourcecode.cpp.cpp; path = PaillierSystem.cpp; sourceTree = SOURCE_ROOT; };
		7633915B21B4ED26002DC260 /* kMeansProtocol.h */ = {isa = PBXFileReference; fileEncoding = 4; lastKnownFileType = sourcecode.c.h; path = kMeansProtocol.h; sourceTree = SOURCE_ROOT; };
		7633915C21B4ED26002DC260 /* getPrime.cpp */ = {isa = PBXFileReference; fileEncoding = 4; lastKnownFileType = sourcecode.cpp.cpp; path = getPrime.cpp; sourceTree = SOURCE_ROOT; };
		7633915E21B4ED27002DC260 /* kMeansSubProtocols.cpp */ = {isa = PBXFileReference; fileEncoding = 4; lastKnownFileType = sourcecode.cpp.cpp; path = kMeansSubProtocols.cpp; sourceTree = SOURCE_ROOT; };
		7633915F21B4ED27002DC260 /* PaillierSystem.h */ = {isa = PBXFileReference; fileEncoding = 4; lastKnownFileType = sourcecode.c.h; path = PaillierSystem.h; sourceTree = SOURCE_ROOT; };
		764A77CD221FC06A002F4FB6 /* wdbc.data */ = {isa = PBXFileReference; fileEncoding = 4; lastKnownFileType = text; path = wdbc.data; sourceTree = "<group>"; };
		768067F2214A8CEC00A07E9B /* k-means_Alice */ = {isa = PBXFileReference; explicitFileType = "compiled.mach-o.executable"; includeInIndex = 0; path = "k-means_Alice"; sourceTree = BUILT_PRODUCTS_DIR; };
		7680680B214A8D6C00A07E9B /* libgmp.10.dylib */ = {isa = PBXFileReference; lastKnownFileType = "compiled.mach-o.dylib"; name = libgmp.10.dylib; path = ../../../../../../../../usr/local/lib/libgmp.10.dylib; sourceTree = "<group>"; };
/* End PBXFileReference section */

/* Begin PBXFrameworksBuildPhase section */
		768067EF214A8CEC00A07E9B /* Frameworks */ = {
			isa = PBXFrameworksBuildPhase;
			buildActionMask = 2147483647;
			files = (
				7680680C214A8D6C00A07E9B /* libgmp.10.dylib in Frameworks */,
			);
			runOnlyForDeploymentPostprocessing = 0;
		};
/* End PBXFrameworksBuildPhase section */

/* Begin PBXGroup section */
		768067E9214A8CEC00A07E9B = {
			isa = PBXGroup;
			children = (
				768067F4214A8CEC00A07E9B /* k-means_Alice */,
				7680680A214A8D6C00A07E9B /* Frameworks */,
			);
			sourceTree = "<group>";
		};
		768067F3214A8CEC00A07E9B /* Products */ = {
			isa = PBXGroup;
			children = (
				768067F2214A8CEC00A07E9B /* k-means_Alice */,
			);
			name = Products;
			path = ..;
			sourceTree = "<group>";
		};
		768067F4214A8CEC00A07E9B /* k-means_Alice */ = {
			isa = PBXGroup;
			children = (
				764A77CD221FC06A002F4FB6 /* wdbc.data */,
				7633915C21B4ED26002DC260 /* getPrime.cpp */,
				7633915721B4ED26002DC260 /* getPrime.h */,
				7633915821B4ED26002DC260 /* kMeansProtocol.cpp */,
				7633915B21B4ED26002DC260 /* kMeansProtocol.h */,
				7633915E21B4ED27002DC260 /* kMeansSubProtocols.cpp */,
				7633915921B4ED26002DC260 /* main.cpp */,
				7633915A21B4ED26002DC260 /* PaillierSystem.cpp */,
				7633915F21B4ED27002DC260 /* PaillierSystem.h */,
				7631C98521C391ED00468D3D /* client.h */,
				7631C98621C391ED00468D3D /* client.cpp */,
				768067F3214A8CEC00A07E9B /* Products */,
			);
			path = "k-means_Alice";
			sourceTree = "<group>";
		};
		7680680A214A8D6C00A07E9B /* Frameworks */ = {
			isa = PBXGroup;
			children = (
				7680680B214A8D6C00A07E9B /* libgmp.10.dylib */,
			);
			name = Frameworks;
			sourceTree = "<group>";
		};
/* End PBXGroup section */

/* Begin PBXNativeTarget section */
		768067F1214A8CEC00A07E9B /* k-means_Alice */ = {
			isa = PBXNativeTarget;
			buildConfigurationList = 768067F9214A8CEC00A07E9B /* Build configuration list for PBXNativeTarget "k-means_Alice" */;
			buildPhases = (
				768067EE214A8CEC00A07E9B /* Sources */,
				768067EF214A8CEC00A07E9B /* Frameworks */,
				768067F0214A8CEC00A07E9B /* CopyFiles */,
			);
			buildRules = (
			);
			dependencies = (
			);
			name = "k-means_Alice";
			productName = "k-means_Alice";
			productReference = 768067F2214A8CEC00A07E9B /* k-means_Alice */;
			productType = "com.apple.product-type.tool";
		};
/* End PBXNativeTarget section */

/* Begin PBXProject section */
		768067EA214A8CEC00A07E9B /* Project object */ = {
			isa = PBXProject;
			attributes = {
				LastUpgradeCheck = 0940;
				ORGANIZATIONNAME = personal;
				TargetAttributes = {
					768067F1214A8CEC00A07E9B = {
						CreatedOnToolsVersion = 9.4.1;
					};
				};
			};
			buildConfigurationList = 768067ED214A8CEC00A07E9B /* Build configuration list for PBXProject "k-means_Alice" */;
			compatibilityVersion = "Xcode 9.3";
			developmentRegion = en;
			hasScannedForEncodings = 0;
			knownRegions = (
				en,
				Base,
			);
			mainGroup = 768067E9214A8CEC00A07E9B;
			productRefGroup = 768067F3214A8CEC00A07E9B /* Products */;
			projectDirPath = "";
			projectRoot = "";
			targets = (
				768067F1214A8CEC00A07E9B /* k-means_Alice */,
			);
		};
/* End PBXProject section */

/* Begin PBXSourcesBuildPhase section */
		768067EE214A8CEC00A07E9B /* Sources */ = {
			isa = PBXSourcesBuildPhase;
			buildActionMask = 2147483647;
			files = (
				7633916121B4ED27002DC260 /* main.cpp in Sources */,
				7633916221B4ED27002DC260 /* PaillierSystem.cpp in Sources */,
				7631C98721C391ED00468D3D /* client.cpp in Sources */,
				7633916321B4ED27002DC260 /* getPrime.cpp in Sources */,
				7633916421B4ED27002DC260 /* kMeansSubProtocols.cpp in Sources */,
				7633916021B4ED27002DC260 /* kMeansProtocol.cpp in Sources */,
			);
			runOnlyForDeploymentPostprocessing = 0;
		};
/* End PBXSourcesBuildPhase section */

/* Begin XCBuildConfiguration section */
		768067F7214A8CEC00A07E9B /* Debug */ = {
			isa = XCBuildConfiguration;
			buildSettings = {
				ALWAYS_SEARCH_USER_PATHS = NO;
				CLANG_ANALYZER_NONNULL = YES;
				CLANG_ANALYZER_NUMBER_OBJECT_CONVERSION = YES_AGGRESSIVE;
				CLANG_CXX_LANGUAGE_STANDARD = "gnu++14";
				CLANG_CXX_LIBRARY = "libc++";
				CLANG_ENABLE_MODULES = YES;
				CLANG_ENABLE_OBJC_ARC = YES;
				CLANG_ENABLE_OBJC_WEAK = YES;
				CLANG_WARN_BLOCK_CAPTURE_AUTORELEASING = YES;
				CLANG_WARN_BOOL_CONVERSION = YES;
				CLANG_WARN_COMMA = YES;
				CLANG_WARN_CONSTANT_CONVERSION = YES;
				CLANG_WARN_DEPRECATED_OBJC_IMPLEMENTATIONS = YES;
				CLANG_WARN_DIRECT_OBJC_ISA_USAGE = YES_ERROR;
				CLANG_WARN_DOCUMENTATION_COMMENTS = YES;
				CLANG_WARN_EMPTY_BODY = YES;
				CLANG_WARN_ENUM_CONVERSION = YES;
				CLANG_WARN_INFINITE_RECURSION = YES;
				CLANG_WARN_INT_CONVERSION = YES;
				CLANG_WARN_NON_LITERAL_NULL_CONVERSION = YES;
				CLANG_WARN_OBJC_IMPLICIT_RETAIN_SELF = YES;
				CLANG_WARN_OBJC_LITERAL_CONVERSION = YES;
				CLANG_WARN_OBJC_ROOT_CLASS = YES_ERROR;
				CLANG_WARN_RANGE_LOOP_ANALYSIS = YES;
				CLANG_WARN_STRICT_PROTOTYPES = YES;
				CLANG_WARN_SUSPICIOUS_MOVE = YES;
				CLANG_WARN_UNGUARDED_AVAILABILITY = YES_AGGRESSIVE;
				CLANG_WARN_UNREACHABLE_CODE = YES;
				CLANG_WARN__DUPLICATE_METHOD_MATCH = YES;
				CODE_SIGN_IDENTITY = "-";
				COPY_PHASE_STRIP = NO;
				DEBUG_INFORMATION_FORMAT = dwarf;
				ENABLE_STRICT_OBJC_MSGSEND = YES;
				ENABLE_TESTABILITY = YES;
				GCC_C_LANGUAGE_STANDARD = gnu11;
				GCC_DYNAMIC_NO_PIC = NO;
				GCC_NO_COMMON_BLOCKS = YES;
				GCC_OPTIMIZATION_LEVEL = 0;
				GCC_PREPROCESSOR_DEFINITIONS = (
					"DEBUG=1",
					"$(inherited)",
				);
				GCC_WARN_64_TO_32_BIT_CONVERSION = YES;
				GCC_WARN_ABOUT_RETURN_TYPE = YES_ERROR;
				GCC_WARN_UNDECLARED_SELECTOR = YES;
				GCC_WARN_UNINITIALIZED_AUTOS = YES_AGGRESSIVE;
				GCC_WARN_UNUSED_FUNCTION = YES;
				GCC_WARN_UNUSED_VARIABLE = YES;
				HEADER_SEARCH_PATHS = /usr/local/include;
				LIBRARY_SEARCH_PATHS = /usr/local/lib;
				MACOSX_DEPLOYMENT_TARGET = 10.13;
				MTL_ENABLE_DEBUG_INFO = YES;
				ONLY_ACTIVE_ARCH = YES;
				SDKROOT = macosx;
			};
			name = Debug;
		};
		768067F8214A8CEC00A07E9B /* Release */ = {
			isa = XCBuildConfiguration;
			buildSettings = {
				ALWAYS_SEARCH_USER_PATHS = NO;
				CLANG_ANALYZER_NONNULL = YES;
				CLANG_ANALYZER_NUMBER_OBJECT_CONVERSION = YES_AGGRESSIVE;
				CLANG_CXX_LANGUAGE_STANDARD = "gnu++14";
				CLANG_CXX_LIBRARY = "libc++";
				CLANG_ENABLE_MODULES = YES;
				CLANG_ENABLE_OBJC_ARC = YES;
				CLANG_ENABLE_OBJC_WEAK = YES;
				CLANG_WARN_BLOCK_CAPTURE_AUTORELEASING = YES;
				CLANG_WARN_BOOL_CONVERSION = YES;
				CLANG_WARN_COMMA = YES;
				CLANG_WARN_CONSTANT_CONVERSION = YES;
				CLANG_WARN_DEPRECATED_OBJC_IMPLEMENTATIONS = YES;
				CLANG_WARN_DIRECT_OBJC_ISA_USAGE = YES_ERROR;
				CLANG_WARN_DOCUMENTATION_COMMENTS = YES;
				CLANG_WARN_EMPTY_BODY = YES;
				CLANG_WARN_ENUM_CONVERSION = YES;
				CLANG_WARN_INFINITE_RECURSION = YES;
				CLANG_WARN_INT_CONVERSION = YES;
				CLANG_WARN_NON_LITERAL_NULL_CONVERSION = YES;
				CLANG_WARN_OBJC_IMPLICIT_RETAIN_SELF = YES;
				CLANG_WARN_OBJC_LITERAL_CONVERSION = YES;
				CLANG_WARN_OBJC_ROOT_CLASS = YES_ERROR;
				CLANG_WARN_RANGE_LOOP_ANALYSIS = YES;
				CLANG_WARN_STRICT_PROTOTYPES = YES;
				CLANG_WARN_SUSPICIOUS_MOVE = YES;
				CLANG_WARN_UNGUARDED_AVAILABILITY = YES_AGGRESSIVE;
				CLANG_WARN_UNREACHABLE_CODE = YES;
				CLANG_WARN__DUPLICATE_METHOD_MATCH = YES;
				CODE_SIGN_IDENTITY = "-";
				COPY_PHASE_STRIP = NO;
				DEBUG_INFORMATION_FORMAT = "dwarf-with-dsym";
				ENABLE_NS_ASSERTIONS = NO;
				ENABLE_STRICT_OBJC_MSGSEND = YES;
				GCC_C_LANGUAGE_STANDARD = gnu11;
				GCC_NO_COMMON_BLOCKS = YES;
				GCC_WARN_64_TO_32_BIT_CONVERSION = YES;
				GCC_WARN_ABOUT_RETURN_TYPE = YES_ERROR;
				GCC_WARN_UNDECLARED_SELECTOR = YES;
				GCC_WARN_UNINITIALIZED_AUTOS = YES_AGGRESSIVE;
				GCC_WARN_UNUSED_FUNCTION = YES;
				GCC_WARN_UNUSED_VARIABLE = YES;
				HEADER_SEARCH_PATHS = /usr/local/include;
				LIBRARY_SEARCH_PATHS = /usr/local/lib;
				MACOSX_DEPLOYMENT_TARGET = 10.13;
				MTL_ENABLE_DEBUG_INFO = NO;
				SDKROOT = macosx;
			};
			name = Release;
		};
		768067FA214A8CEC00A07E9B /* Debug */ = {
			isa = XCBuildConfiguration;
			buildSettings = {
				CODE_SIGN_STYLE = Automatic;
				PRODUCT_NAME = "$(TARGET_NAME)";
			};
			name = Debug;
		};
		768067FB214A8CEC00A07E9B /* Release */ = {
			isa = XCBuildConfiguration;
			buildSettings = {
				CODE_SIGN_STYLE = Automatic;
				PRODUCT_NAME = "$(TARGET_NAME)";
			};
			name = Release;
		};
/* End XCBuildConfiguration section */

/* Begin XCConfigurationList section */
		768067ED214A8CEC00A07E9B /* Build configuration list for PBXProject "k-means_Alice" */ = {
			isa = XCConfigurationList;
			buildConfigurations = (
				768067F7214A8CEC00A07E9B /* Debug */,
				768067F8214A8CEC00A07E9B /* Release */,
			);
			defaultConfigurationIsVisible = 0;
			defaultConfigurationName = Release;
		};
		768067F9214A8CEC00A07E9B /* Build configuration list for PBXNativeTarget "k-means_Alice" */ = {
			isa = XCConfigurationList;
			buildConfigurations = (
				768067FA214A8CEC00A07E9B /* Debug */,
				768067FB214A8CEC00A07E9B /* Release */,
			);
			defaultConfigurationIsVisible = 0;
			defaultConfigurationName = Release;
		};
/* End XCConfigurationList section */
	};
	rootObject = 768067EA214A8CEC00A07E9B /* Project object */;
}
